
Microsoft Visual Studio Solution File, Format Version 12.00
# Visual Studio Version 17
VisualStudioVersion = 17.6.33815.320
MinimumVisualStudioVersion = 10.0.40219.1
Project("{FAE04EC0-301F-11D3-BF4B-00C04F79EFBC}") = "worldedit", "worldedit\worldedit.csproj", "{147413FC-16F6-4D06-9BAC-58359F38FD07}"
EndProject
Project("{9A19103F-16F7-4668-BE54-9A1E7A4F7556}") = "MiNET", "..\..\..\Documents\GitHub\MiNET\src\MiNET\MiNET\MiNET.csproj", "{35E6F075-7644-4110-9C92-7C62963D33B0}"
EndProject
Global
	GlobalSection(SolutionConfigurationPlatforms) = preSolution
		Debug|Any CPU = Debug|Any CPU
		Release|Any CPU = Release|Any CPU
	EndGlobalSection
	GlobalSection(ProjectConfigurationPlatforms) = postSolution
		{147413FC-16F6-4D06-9BAC-58359F38FD07}.Debug|Any CPU.ActiveCfg = Debug|Any CPU
		{147413FC-16F6-4D06-9BAC-58359F38FD07}.Debug|Any CPU.Build.0 = Debug|Any CPU
		{147413FC-16F6-4D06-9BAC-58359F38FD07}.Release|Any CPU.ActiveCfg = Release|Any CPU
		{147413FC-16F6-4D06-9BAC-58359F38FD07}.Release|Any CPU.Build.0 = Release|Any CPU
		{35E6F075-7644-4110-9C92-7C62963D33B0}.Debug|Any CPU.ActiveCfg = Debug|Any CPU
		{35E6F075-7644-4110-9C92-7C62963D33B0}.Debug|Any CPU.Build.0 = Debug|Any CPU
		{35E6F075-7644-4110-9C92-7C62963D33B0}.Release|Any CPU.ActiveCfg = Release|Any CPU
		{35E6F075-7644-4110-9C92-7C62963D33B0}.Release|Any CPU.Build.0 = Release|Any CPU
	EndGlobalSection
	GlobalSection(SolutionProperties) = preSolution
		HideSolutionNode = FALSE
	EndGlobalSection
	GlobalSection(ExtensibilityGlobals) = postSolution
		SolutionGuid = {E4C6B7B6-1A9A-4FFF-B93B-5A7CF4A701D5}
	EndGlobalSection
EndGlobal
